core:changelogs:
  - content: "---\npackages:\n  pi-provider-friendli:\n    type: patch\n---\n\n## Add /login support for FriendliAI API key\n\nUsers can now run `/login` in pi's TUI to enter their FriendliAI API key\ninteractively when `FRIENDLI_TOKEN` is not set. The key is persisted in\npi's auth store. The `FRIENDLI_TOKEN` environment variable continues to\nwork as before.\n"
    filename: oauth-login.md
    v: 0.0.0
core:packages:
  - changelogIds:
      - oauth-login.md
    id: npm:pi-provider-friendli
    updated: true
npm:packages:
  - id: npm:pi-provider-friendli
